dependencies:
- name: common
  repository: oci://registry-1.docker.io/bitnamicharts
  version: 2.31.3
- name: nectarlib
  repository: oci://registry.rc.nectar.org.au/nectar-helm
  version: 3.1.1
- name: mariadb
  repository: oci://registry-1.docker.io/bitnamicharts
  version: 20.5.9
- name: rabbitmq
  repository: oci://registry-1.docker.io/bitnamicharts
  version: 16.0.5
- name: memcached
  repository: oci://registry-1.docker.io/bitnamicharts
  version: 7.8.4
digest: sha256:46d6fc521d46b659392aeab256d6842b07261d6f6a3a002c536e204e57ad241d
generated: "2025-06-23T04:09:58.667184378Z"
