dependencies:
- name: common
  repository: oci://registry-1.docker.io/bitnamicharts
  version: 2.31.4
- name: nectarlib
  repository: oci://registry.rc.nectar.org.au/nectar-helm
  version: 3.1.4
- name: mariadb
  repository: oci://registry-1.docker.io/bitnamicharts
  version: 23.1.1
- name: rabbitmq
  repository: oci://registry-1.docker.io/bitnamicharts
  version: 16.0.14
- name: memcached
  repository: oci://registry-1.docker.io/bitnamicharts
  version: 8.0.5
digest: sha256:737e2350b7fa21a40709bafab824b1fc2aa26fc289dda15fdc7c3993bd46665b
generated: "2025-10-20T03:11:33.999392636Z"
